
Microsoft Visual Studio Solution File, Format Version 12.00
# Visual Studio 14
VisualStudioVersion = 14.0.23107.0
MinimumVisualStudioVersion = 10.0.40219.1
Project("{2150E333-8FDC-42A3-9474-1A3956D46DE8}") = "00 Documentation Layer", "00 Documentation Layer", "{6BAD8CE2-062A-4754-A00D-A2F9A6EDFDF8}"
EndProject
Project("{2150E333-8FDC-42A3-9474-1A3956D46DE8}") = "10 Presentation Layer", "10 Presentation Layer", "{D5F8A973-E645-4642-B9AE-672AE75845EA}"
EndProject
Project("{2150E333-8FDC-42A3-9474-1A3956D46DE8}") = "20 Business Layer", "20 Business Layer", "{11C38A30-2731-492C-AC60-5D4E98EE2D90}"
EndProject
Project("{FAE04EC0-301F-11D3-BF4B-00C04F79EFBC}") = "Business.Core", "AzureAdB2c\Business.Core\Business.Core.csproj", "{EA35A2AF-8616-4E8C-9E2B-3C11D1BE9823}"
EndProject
Project("{FAE04EC0-301F-11D3-BF4B-00C04F79EFBC}") = "Business.Core.Tests", "AzureAdB2c\Business.Core.Tests\Business.Core.Tests.csproj", "{78E0A9F3-F49E-4F24-B14E-1D45AC4D2C87}"
EndProject
Project("{2150E333-8FDC-42A3-9474-1A3956D46DE8}") = "30 Domain Layer", "30 Domain Layer", "{BFFE6915-DD24-4554-BEAA-9FB099D2BE96}"
EndProject
Project("{FAE04EC0-301F-11D3-BF4B-00C04F79EFBC}") = "Domain", "AzureAdB2c\Domain\Domain.csproj", "{AC4505DF-9B13-4EF0-B723-0A5E9B616E28}"
EndProject
Project("{2150E333-8FDC-42A3-9474-1A3956D46DE8}") = "40 Data Layer", "40 Data Layer", "{0242F812-4C8D-42C9-BBA1-763CC26743A1}"
EndProject
Project("{FAE04EC0-301F-11D3-BF4B-00C04F79EFBC}") = "Data.Fakes", "AzureAdB2c\Data.Fakes\Data.Fakes.csproj", "{DB90661E-8282-4542-924E-69CB06E8C5F0}"
EndProject
Project("{2150E333-8FDC-42A3-9474-1A3956D46DE8}") = "50 Cross-Cutting Layer", "50 Cross-Cutting Layer", "{5105AED7-0ED3-427C-88AA-648C3186A369}"
EndProject
Project("{FAE04EC0-301F-11D3-BF4B-00C04F79EFBC}") = "CrossCutting.Extentions", "AzureAdB2c\CrossCutting.Extentions\CrossCutting.Extentions.csproj", "{D9859B79-18E0-4BB7-B3F1-A94A241637B8}"
EndProject
Project("{FAE04EC0-301F-11D3-BF4B-00C04F79EFBC}") = "CrossCutting.TestHelpers", "AzureAdB2c\CrossCutting.TestHelpers\CrossCutting.TestHelpers.csproj", "{034EC289-5D53-4604-A2DE-6843AE11C62A}"
EndProject
Project("{FAE04EC0-301F-11D3-BF4B-00C04F79EFBC}") = "CrossCutting.ValueConverters", "AzureAdB2c\CrossCutting.ValueConverters\CrossCutting.ValueConverters.csproj", "{FCEDD142-3E27-42DC-BFCE-C1672F6B4560}"
EndProject
Project("{2150E333-8FDC-42A3-9474-1A3956D46DE8}") = "60 Deployment Layer", "60 Deployment Layer", "{1D03847D-5D85-4189-98B2-70DA980CE137}"
EndProject
Project("{FAE04EC0-301F-11D3-BF4B-00C04F79EFBC}") = "ApiAppOne", "ApiAppOne\ApiAppOne.csproj", "{FED93CE0-F263-4B2B-9DE5-95979A93A807}"
EndProject
Global
	GlobalSection(SolutionConfigurationPlatforms) = preSolution
		Debug|Any CPU = Debug|Any CPU
		Debug|ARM = Debug|ARM
		Debug|x64 = Debug|x64
		Debug|x86 = Debug|x86
		Release|Any CPU = Release|Any CPU
		Release|ARM = Release|ARM
		Release|x64 = Release|x64
		Release|x86 = Release|x86
	EndGlobalSection
	GlobalSection(ProjectConfigurationPlatforms) = postSolution
		{EA35A2AF-8616-4E8C-9E2B-3C11D1BE9823}.Debug|Any CPU.ActiveCfg = Debug|Any CPU
		{EA35A2AF-8616-4E8C-9E2B-3C11D1BE9823}.Debug|Any CPU.Build.0 = Debug|Any CPU
		{EA35A2AF-8616-4E8C-9E2B-3C11D1BE9823}.Debug|ARM.ActiveCfg = Debug|Any CPU
		{EA35A2AF-8616-4E8C-9E2B-3C11D1BE9823}.Debug|ARM.Build.0 = Debug|Any CPU
		{EA35A2AF-8616-4E8C-9E2B-3C11D1BE9823}.Debug|x64.ActiveCfg = Debug|Any CPU
		{EA35A2AF-8616-4E8C-9E2B-3C11D1BE9823}.Debug|x64.Build.0 = Debug|Any CPU
		{EA35A2AF-8616-4E8C-9E2B-3C11D1BE9823}.Debug|x86.ActiveCfg = Debug|Any CPU
		{EA35A2AF-8616-4E8C-9E2B-3C11D1BE9823}.Debug|x86.Build.0 = Debug|Any CPU
		{EA35A2AF-8616-4E8C-9E2B-3C11D1BE9823}.Release|Any CPU.ActiveCfg = Release|Any CPU
		{EA35A2AF-8616-4E8C-9E2B-3C11D1BE9823}.Release|Any CPU.Build.0 = Release|Any CPU
		{EA35A2AF-8616-4E8C-9E2B-3C11D1BE9823}.Release|ARM.ActiveCfg = Release|Any CPU
		{EA35A2AF-8616-4E8C-9E2B-3C11D1BE9823}.Release|ARM.Build.0 = Release|Any CPU
		{EA35A2AF-8616-4E8C-9E2B-3C11D1BE9823}.Release|x64.ActiveCfg = Release|Any CPU
		{EA35A2AF-8616-4E8C-9E2B-3C11D1BE9823}.Release|x64.Build.0 = Release|Any CPU
		{EA35A2AF-8616-4E8C-9E2B-3C11D1BE9823}.Release|x86.ActiveCfg = Release|Any CPU
		{EA35A2AF-8616-4E8C-9E2B-3C11D1BE9823}.Release|x86.Build.0 = Release|Any CPU
		{78E0A9F3-F49E-4F24-B14E-1D45AC4D2C87}.Debug|Any CPU.ActiveCfg = Debug|Any CPU
		{78E0A9F3-F49E-4F24-B14E-1D45AC4D2C87}.Debug|Any CPU.Build.0 = Debug|Any CPU
		{78E0A9F3-F49E-4F24-B14E-1D45AC4D2C87}.Debug|ARM.ActiveCfg = Debug|Any CPU
		{78E0A9F3-F49E-4F24-B14E-1D45AC4D2C87}.Debug|ARM.Build.0 = Debug|Any CPU
		{78E0A9F3-F49E-4F24-B14E-1D45AC4D2C87}.Debug|x64.ActiveCfg = Debug|Any CPU
		{78E0A9F3-F49E-4F24-B14E-1D45AC4D2C87}.Debug|x64.Build.0 = Debug|Any CPU
		{78E0A9F3-F49E-4F24-B14E-1D45AC4D2C87}.Debug|x86.ActiveCfg = Debug|Any CPU
		{78E0A9F3-F49E-4F24-B14E-1D45AC4D2C87}.Debug|x86.Build.0 = Debug|Any CPU
		{78E0A9F3-F49E-4F24-B14E-1D45AC4D2C87}.Release|Any CPU.ActiveCfg = Release|Any CPU
		{78E0A9F3-F49E-4F24-B14E-1D45AC4D2C87}.Release|Any CPU.Build.0 = Release|Any CPU
		{78E0A9F3-F49E-4F24-B14E-1D45AC4D2C87}.Release|ARM.ActiveCfg = Release|Any CPU
		{78E0A9F3-F49E-4F24-B14E-1D45AC4D2C87}.Release|ARM.Build.0 = Release|Any CPU
		{78E0A9F3-F49E-4F24-B14E-1D45AC4D2C87}.Release|x64.ActiveCfg = Release|Any CPU
		{78E0A9F3-F49E-4F24-B14E-1D45AC4D2C87}.Release|x64.Build.0 = Release|Any CPU
		{78E0A9F3-F49E-4F24-B14E-1D45AC4D2C87}.Release|x86.ActiveCfg = Release|Any CPU
		{78E0A9F3-F49E-4F24-B14E-1D45AC4D2C87}.Release|x86.Build.0 = Release|Any CPU
		{AC4505DF-9B13-4EF0-B723-0A5E9B616E28}.Debug|Any CPU.ActiveCfg = Debug|Any CPU
		{AC4505DF-9B13-4EF0-B723-0A5E9B616E28}.Debug|Any CPU.Build.0 = Debug|Any CPU
		{AC4505DF-9B13-4EF0-B723-0A5E9B616E28}.Debug|ARM.ActiveCfg = Debug|Any CPU
		{AC4505DF-9B13-4EF0-B723-0A5E9B616E28}.Debug|ARM.Build.0 = Debug|Any CPU
		{AC4505DF-9B13-4EF0-B723-0A5E9B616E28}.Debug|x64.ActiveCfg = Debug|Any CPU
		{AC4505DF-9B13-4EF0-B723-0A5E9B616E28}.Debug|x64.Build.0 = Debug|Any CPU
		{AC4505DF-9B13-4EF0-B723-0A5E9B616E28}.Debug|x86.ActiveCfg = Debug|Any CPU
		{AC4505DF-9B13-4EF0-B723-0A5E9B616E28}.Debug|x86.Build.0 = Debug|Any CPU
		{AC4505DF-9B13-4EF0-B723-0A5E9B616E28}.Release|Any CPU.ActiveCfg = Release|Any CPU
		{AC4505DF-9B13-4EF0-B723-0A5E9B616E28}.Release|Any CPU.Build.0 = Release|Any CPU
		{AC4505DF-9B13-4EF0-B723-0A5E9B616E28}.Release|ARM.ActiveCfg = Release|Any CPU
		{AC4505DF-9B13-4EF0-B723-0A5E9B616E28}.Release|ARM.Build.0 = Release|Any CPU
		{AC4505DF-9B13-4EF0-B723-0A5E9B616E28}.Release|x64.ActiveCfg = Release|Any CPU
		{AC4505DF-9B13-4EF0-B723-0A5E9B616E28}.Release|x64.Build.0 = Release|Any CPU
		{AC4505DF-9B13-4EF0-B723-0A5E9B616E28}.Release|x86.ActiveCfg = Release|Any CPU
		{AC4505DF-9B13-4EF0-B723-0A5E9B616E28}.Release|x86.Build.0 = Release|Any CPU
		{DB90661E-8282-4542-924E-69CB06E8C5F0}.Debug|Any CPU.ActiveCfg = Debug|Any CPU
		{DB90661E-8282-4542-924E-69CB06E8C5F0}.Debug|Any CPU.Build.0 = Debug|Any CPU
		{DB90661E-8282-4542-924E-69CB06E8C5F0}.Debug|ARM.ActiveCfg = Debug|Any CPU
		{DB90661E-8282-4542-924E-69CB06E8C5F0}.Debug|ARM.Build.0 = Debug|Any CPU
		{DB90661E-8282-4542-924E-69CB06E8C5F0}.Debug|x64.ActiveCfg = Debug|Any CPU
		{DB90661E-8282-4542-924E-69CB06E8C5F0}.Debug|x64.Build.0 = Debug|Any CPU
		{DB90661E-8282-4542-924E-69CB06E8C5F0}.Debug|x86.ActiveCfg = Debug|Any CPU
		{DB90661E-8282-4542-924E-69CB06E8C5F0}.Debug|x86.Build.0 = Debug|Any CPU
		{DB90661E-8282-4542-924E-69CB06E8C5F0}.Release|Any CPU.ActiveCfg = Release|Any CPU
		{DB90661E-8282-4542-924E-69CB06E8C5F0}.Release|Any CPU.Build.0 = Release|Any CPU
		{DB90661E-8282-4542-924E-69CB06E8C5F0}.Release|ARM.ActiveCfg = Release|Any CPU
		{DB90661E-8282-4542-924E-69CB06E8C5F0}.Release|ARM.Build.0 = Release|Any CPU
		{DB90661E-8282-4542-924E-69CB06E8C5F0}.Release|x64.ActiveCfg = Release|Any CPU
		{DB90661E-8282-4542-924E-69CB06E8C5F0}.Release|x64.Build.0 = Release|Any CPU
		{DB90661E-8282-4542-924E-69CB06E8C5F0}.Release|x86.ActiveCfg = Release|Any CPU
		{DB90661E-8282-4542-924E-69CB06E8C5F0}.Release|x86.Build.0 = Release|Any CPU
		{D9859B79-18E0-4BB7-B3F1-A94A241637B8}.Debug|Any CPU.ActiveCfg = Debug|Any CPU
		{D9859B79-18E0-4BB7-B3F1-A94A241637B8}.Debug|Any CPU.Build.0 = Debug|Any CPU
		{D9859B79-18E0-4BB7-B3F1-A94A241637B8}.Debug|ARM.ActiveCfg = Debug|Any CPU
		{D9859B79-18E0-4BB7-B3F1-A94A241637B8}.Debug|ARM.Build.0 = Debug|Any CPU
		{D9859B79-18E0-4BB7-B3F1-A94A241637B8}.Debug|x64.ActiveCfg = Debug|Any CPU
		{D9859B79-18E0-4BB7-B3F1-A94A241637B8}.Debug|x64.Build.0 = Debug|Any CPU
		{D9859B79-18E0-4BB7-B3F1-A94A241637B8}.Debug|x86.ActiveCfg = Debug|Any CPU
		{D9859B79-18E0-4BB7-B3F1-A94A241637B8}.Debug|x86.Build.0 = Debug|Any CPU
		{D9859B79-18E0-4BB7-B3F1-A94A241637B8}.Release|Any CPU.ActiveCfg = Release|Any CPU
		{D9859B79-18E0-4BB7-B3F1-A94A241637B8}.Release|Any CPU.Build.0 = Release|Any CPU
		{D9859B79-18E0-4BB7-B3F1-A94A241637B8}.Release|ARM.ActiveCfg = Release|Any CPU
		{D9859B79-18E0-4BB7-B3F1-A94A241637B8}.Release|ARM.Build.0 = Release|Any CPU
		{D9859B79-18E0-4BB7-B3F1-A94A241637B8}.Release|x64.ActiveCfg = Release|Any CPU
		{D9859B79-18E0-4BB7-B3F1-A94A241637B8}.Release|x64.Build.0 = Release|Any CPU
		{D9859B79-18E0-4BB7-B3F1-A94A241637B8}.Release|x86.ActiveCfg = Release|Any CPU
		{D9859B79-18E0-4BB7-B3F1-A94A241637B8}.Release|x86.Build.0 = Release|Any CPU
		{034EC289-5D53-4604-A2DE-6843AE11C62A}.Debug|Any CPU.ActiveCfg = Debug|Any CPU
		{034EC289-5D53-4604-A2DE-6843AE11C62A}.Debug|Any CPU.Build.0 = Debug|Any CPU
		{034EC289-5D53-4604-A2DE-6843AE11C62A}.Debug|ARM.ActiveCfg = Debug|Any CPU
		{034EC289-5D53-4604-A2DE-6843AE11C62A}.Debug|ARM.Build.0 = Debug|Any CPU
		{034EC289-5D53-4604-A2DE-6843AE11C62A}.Debug|x64.ActiveCfg = Debug|Any CPU
		{034EC289-5D53-4604-A2DE-6843AE11C62A}.Debug|x64.Build.0 = Debug|Any CPU
		{034EC289-5D53-4604-A2DE-6843AE11C62A}.Debug|x86.ActiveCfg = Debug|Any CPU
		{034EC289-5D53-4604-A2DE-6843AE11C62A}.Debug|x86.Build.0 = Debug|Any CPU
		{034EC289-5D53-4604-A2DE-6843AE11C62A}.Release|Any CPU.ActiveCfg = Release|Any CPU
		{034EC289-5D53-4604-A2DE-6843AE11C62A}.Release|Any CPU.Build.0 = Release|Any CPU
		{034EC289-5D53-4604-A2DE-6843AE11C62A}.Release|ARM.ActiveCfg = Release|Any CPU
		{034EC289-5D53-4604-A2DE-6843AE11C62A}.Release|ARM.Build.0 = Release|Any CPU
		{034EC289-5D53-4604-A2DE-6843AE11C62A}.Release|x64.ActiveCfg = Release|Any CPU
		{034EC289-5D53-4604-A2DE-6843AE11C62A}.Release|x64.Build.0 = Release|Any CPU
		{034EC289-5D53-4604-A2DE-6843AE11C62A}.Release|x86.ActiveCfg = Release|Any CPU
		{034EC289-5D53-4604-A2DE-6843AE11C62A}.Release|x86.Build.0 = Release|Any CPU
		{FCEDD142-3E27-42DC-BFCE-C1672F6B4560}.Debug|Any CPU.ActiveCfg = Debug|Any CPU
		{FCEDD142-3E27-42DC-BFCE-C1672F6B4560}.Debug|Any CPU.Build.0 = Debug|Any CPU
		{FCEDD142-3E27-42DC-BFCE-C1672F6B4560}.Debug|ARM.ActiveCfg = Debug|Any CPU
		{FCEDD142-3E27-42DC-BFCE-C1672F6B4560}.Debug|ARM.Build.0 = Debug|Any CPU
		{FCEDD142-3E27-42DC-BFCE-C1672F6B4560}.Debug|x64.ActiveCfg = Debug|Any CPU
		{FCEDD142-3E27-42DC-BFCE-C1672F6B4560}.Debug|x64.Build.0 = Debug|Any CPU
		{FCEDD142-3E27-42DC-BFCE-C1672F6B4560}.Debug|x86.ActiveCfg = Debug|Any CPU
		{FCEDD142-3E27-42DC-BFCE-C1672F6B4560}.Debug|x86.Build.0 = Debug|Any CPU
		{FCEDD142-3E27-42DC-BFCE-C1672F6B4560}.Release|Any CPU.ActiveCfg = Release|Any CPU
		{FCEDD142-3E27-42DC-BFCE-C1672F6B4560}.Release|Any CPU.Build.0 = Release|Any CPU
		{FCEDD142-3E27-42DC-BFCE-C1672F6B4560}.Release|ARM.ActiveCfg = Release|Any CPU
		{FCEDD142-3E27-42DC-BFCE-C1672F6B4560}.Release|ARM.Build.0 = Release|Any CPU
		{FCEDD142-3E27-42DC-BFCE-C1672F6B4560}.Release|x64.ActiveCfg = Release|Any CPU
		{FCEDD142-3E27-42DC-BFCE-C1672F6B4560}.Release|x64.Build.0 = Release|Any CPU
		{FCEDD142-3E27-42DC-BFCE-C1672F6B4560}.Release|x86.ActiveCfg = Release|Any CPU
		{FCEDD142-3E27-42DC-BFCE-C1672F6B4560}.Release|x86.Build.0 = Release|Any CPU
		{FED93CE0-F263-4B2B-9DE5-95979A93A807}.Debug|Any CPU.ActiveCfg = Debug|Any CPU
		{FED93CE0-F263-4B2B-9DE5-95979A93A807}.Debug|Any CPU.Build.0 = Debug|Any CPU
		{FED93CE0-F263-4B2B-9DE5-95979A93A807}.Debug|ARM.ActiveCfg = Debug|Any CPU
		{FED93CE0-F263-4B2B-9DE5-95979A93A807}.Debug|ARM.Build.0 = Debug|Any CPU
		{FED93CE0-F263-4B2B-9DE5-95979A93A807}.Debug|x64.ActiveCfg = Debug|Any CPU
		{FED93CE0-F263-4B2B-9DE5-95979A93A807}.Debug|x64.Build.0 = Debug|Any CPU
		{FED93CE0-F263-4B2B-9DE5-95979A93A807}.Debug|x86.ActiveCfg = Debug|Any CPU
		{FED93CE0-F263-4B2B-9DE5-95979A93A807}.Debug|x86.Build.0 = Debug|Any CPU
		{FED93CE0-F263-4B2B-9DE5-95979A93A807}.Release|Any CPU.ActiveCfg = Release|Any CPU
		{FED93CE0-F263-4B2B-9DE5-95979A93A807}.Release|Any CPU.Build.0 = Release|Any CPU
		{FED93CE0-F263-4B2B-9DE5-95979A93A807}.Release|ARM.ActiveCfg = Release|Any CPU
		{FED93CE0-F263-4B2B-9DE5-95979A93A807}.Release|ARM.Build.0 = Release|Any CPU
		{FED93CE0-F263-4B2B-9DE5-95979A93A807}.Release|x64.ActiveCfg = Release|Any CPU
		{FED93CE0-F263-4B2B-9DE5-95979A93A807}.Release|x64.Build.0 = Release|Any CPU
		{FED93CE0-F263-4B2B-9DE5-95979A93A807}.Release|x86.ActiveCfg = Release|Any CPU
		{FED93CE0-F263-4B2B-9DE5-95979A93A807}.Release|x86.Build.0 = Release|Any CPU
	EndGlobalSection
	GlobalSection(SolutionProperties) = preSolution
		HideSolutionNode = FALSE
	EndGlobalSection
	GlobalSection(NestedProjects) = preSolution
		{EA35A2AF-8616-4E8C-9E2B-3C11D1BE9823} = {11C38A30-2731-492C-AC60-5D4E98EE2D90}
		{78E0A9F3-F49E-4F24-B14E-1D45AC4D2C87} = {11C38A30-2731-492C-AC60-5D4E98EE2D90}
		{AC4505DF-9B13-4EF0-B723-0A5E9B616E28} = {BFFE6915-DD24-4554-BEAA-9FB099D2BE96}
		{DB90661E-8282-4542-924E-69CB06E8C5F0} = {0242F812-4C8D-42C9-BBA1-763CC26743A1}
		{D9859B79-18E0-4BB7-B3F1-A94A241637B8} = {5105AED7-0ED3-427C-88AA-648C3186A369}
		{034EC289-5D53-4604-A2DE-6843AE11C62A} = {5105AED7-0ED3-427C-88AA-648C3186A369}
		{FCEDD142-3E27-42DC-BFCE-C1672F6B4560} = {5105AED7-0ED3-427C-88AA-648C3186A369}
		{FED93CE0-F263-4B2B-9DE5-95979A93A807} = {D5F8A973-E645-4642-B9AE-672AE75845EA}
	EndGlobalSection
EndGlobal
